// !$*UTF8*$!
{
	archiveVersion = 1;
	classes = {
	};
	objectVersion = 54;
	objects = {

/* Begin PBXBuildFile section */
		111A64582923D07300EE6FD6 /* PLUXAPISampleApp.swift in Sources */ = {isa = PBXBuildFile; fileRef = 111A64572923D07300EE6FD6 /* PLUXAPISampleApp.swift */; };
		111A645C2923D07400EE6FD6 /* Assets.xcassets in Resources */ = {isa = PBXBuildFile; fileRef = 111A645B2923D07400EE6FD6 /* Assets.xcassets */; };
		111A645F2923D07400EE6FD6 /* Preview Assets.xcassets in Resources */ = {isa = PBXBuildFile; fileRef = 111A645E2923D07400EE6FD6 /* Preview Assets.xcassets */; };
		111A64692923D07500EE6FD6 /* ios_sampleTests.swift in Sources */ = {isa = PBXBuildFile; fileRef = 111A64682923D07500EE6FD6 /* ios_sampleTests.swift */; };
		111A64732923D07500EE6FD6 /* ios_sampleUITests.swift in Sources */ = {isa = PBXBuildFile; fileRef = 111A64722923D07500EE6FD6 /* ios_sampleUITests.swift */; };
		111A64752923D07500EE6FD6 /* ios_sampleUITestsLaunchTests.swift in Sources */ = {isa = PBXBuildFile; fileRef = 111A64742923D07500EE6FD6 /* ios_sampleUITestsLaunchTests.swift */; };
		111A648B2923D23D00EE6FD6 /* PluxAPI.framework in Frameworks */ = {isa = PBXBuildFile; fileRef = 111A64892923D22800EE6FD6 /* PluxAPI.framework */; };
		111A648C2923D23D00EE6FD6 /* PluxAPI.framework in Embed Frameworks */ = {isa = PBXBuildFile; fileRef = 111A64892923D22800EE6FD6 /* PluxAPI.framework */; settings = {ATTRIBUTES = (CodeSignOnCopy, RemoveHeadersOnCopy, ); }; };
		111A64902923D28E00EE6FD6 /* ViewStates.swift in Sources */ = {isa = PBXBuildFile; fileRef = 111A648F2923D28E00EE6FD6 /* ViewStates.swift */; };
		111A64922923D2C400EE6FD6 /* ScanView.swift in Sources */ = {isa = PBXBuildFile; fileRef = 111A64912923D2C400EE6FD6 /* ScanView.swift */; };
		111A64942923D2F500EE6FD6 /* ScanView+ScanRountine.swift in Sources */ = {isa = PBXBuildFile; fileRef = 111A64932923D2F500EE6FD6 /* ScanView+ScanRountine.swift */; };
		111A64962923D31600EE6FD6 /* ScanView+DeviceManagerDelegate..swift in Sources */ = {isa = PBXBuildFile; fileRef = 111A64952923D31600EE6FD6 /* ScanView+DeviceManagerDelegate..swift */; };
		111A64992923D36700EE6FD6 /* DeviceManager.swift in Sources */ = {isa = PBXBuildFile; fileRef = 111A64982923D36700EE6FD6 /* DeviceManager.swift */; };
		111A649C2923D51E00EE6FD6 /* LogManager.swift in Sources */ = {isa = PBXBuildFile; fileRef = 111A649B2923D51E00EE6FD6 /* LogManager.swift */; };
		111A649F2923D56200EE6FD6 /* DeviceRowView.swift in Sources */ = {isa = PBXBuildFile; fileRef = 111A649E2923D56200EE6FD6 /* DeviceRowView.swift */; };
		111A64A12923D5BD00EE6FD6 /* MainViewModel.swift in Sources */ = {isa = PBXBuildFile; fileRef = 111A64A02923D5BD00EE6FD6 /* MainViewModel.swift */; };
		111A64A32923D82400EE6FD6 /* MainView.swift in Sources */ = {isa = PBXBuildFile; fileRef = 111A64A22923D82400EE6FD6 /* MainView.swift */; };
		111A64A52923D87900EE6FD6 /* Colors.xcassets in Resources */ = {isa = PBXBuildFile; fileRef = 111A64A42923D87900EE6FD6 /* Colors.xcassets */; };
		111A64A72923D91800EE6FD6 /* MainView+DeviceManagerDelegate.swift in Sources */ = {isa = PBXBuildFile; fileRef = 111A64A62923D91800EE6FD6 /* MainView+DeviceManagerDelegate.swift */; };
		111A64AB2923DA9C00EE6FD6 /* DeviceInfoView.swift in Sources */ = {isa = PBXBuildFile; fileRef = 111A64AA2923DA9C00EE6FD6 /* DeviceInfoView.swift */; };
		111A64AD2923DAD400EE6FD6 /* AcquisitionView.swift in Sources */ = {isa = PBXBuildFile; fileRef = 111A64AC2923DAD400EE6FD6 /* AcquisitionView.swift */; };
		111A64AF2923EF1B00EE6FD6 /* README.md in Resources */ = {isa = PBXBuildFile; fileRef = 111A64AE2923EF1B00EE6FD6 /* README.md */; };
/* End PBXBuildFile section */

/* Begin PBXContainerItemProxy section */
		111A64652923D07500EE6FD6 /* PBXContainerItemProxy */ = {
			isa = PBXContainerItemProxy;
			containerPortal = 111A644C2923D07300EE6FD6 /* Project object */;
			proxyType = 1;
			remoteGlobalIDString = 111A64532923D07300EE6FD6;
			remoteInfo = "ios-sample";
		};
		111A646F2923D07500EE6FD6 /* PBXContainerItemProxy */ = {
			isa = PBXContainerItemProxy;
			containerPortal = 111A644C2923D07300EE6FD6 /* Project object */;
			proxyType = 1;
			remoteGlobalIDString = 111A64532923D07300EE6FD6;
			remoteInfo = "ios-sample";
		};
/* End PBXContainerItemProxy section */

/* Begin PBXCopyFilesBuildPhase section */
		111A648D2923D23D00EE6FD6 /* Embed Frameworks */ = {
			isa = PBXCopyFilesBuildPhase;
			buildActionMask = 2147483647;
			dstPath = "";
			dstSubfolderSpec = 10;
			files = (
				111A648C2923D23D00EE6FD6 /* PluxAPI.framework in Embed Frameworks */,
			);
			name = "Embed Frameworks";
			runOnlyForDeploymentPostprocessing = 0;
		};
/* End PBXCopyFilesBuildPhase section */

/* Begin PBXFileReference section */
		111A64542923D07300EE6FD6 /* ios-sample.app */ = {isa = PBXFileReference; explicitFileType = wrapper.application; includeInIndex = 0; path = "ios-sample.app"; sourceTree = BUILT_PRODUCTS_DIR; };
		111A64572923D07300EE6FD6 /* PLUXAPISampleApp.swift */ = {isa = PBXFileReference; lastKnownFileType = sourcecode.swift; path = PLUXAPISampleApp.swift; sourceTree = "<group>"; };
		111A645B2923D07400EE6FD6 /* Assets.xcassets */ = {isa = PBXFileReference; lastKnownFileType = folder.assetcatalog; path = Assets.xcassets; sourceTree = "<group>"; };
		111A645E2923D07400EE6FD6 /* Preview Assets.xcassets */ = {isa = PBXFileReference; lastKnownFileType = folder.assetcatalog; path = "Preview Assets.xcassets"; sourceTree = "<group>"; };
		111A64642923D07500EE6FD6 /* ios-sampleTests.xctest */ = {isa = PBXFileReference; explicitFileType = wrapper.cfbundle; includeInIndex = 0; path = "ios-sampleTests.xctest"; sourceTree = BUILT_PRODUCTS_DIR; };
		111A64682923D07500EE6FD6 /* ios_sampleTests.swift */ = {isa = PBXFileReference; lastKnownFileType = sourcecode.swift; path = ios_sampleTests.swift; sourceTree = "<group>"; };
		111A646E2923D07500EE6FD6 /* ios-sampleUITests.xctest */ = {isa = PBXFileReference; explicitFileType = wrapper.cfbundle; includeInIndex = 0; path = "ios-sampleUITests.xctest"; sourceTree = BUILT_PRODUCTS_DIR; };
		111A64722923D07500EE6FD6 /* ios_sampleUITests.swift */ = {isa = PBXFileReference; lastKnownFileType = sourcecode.swift; path = ios_sampleUITests.swift; sourceTree = "<group>"; };
		111A64742923D07500EE6FD6 /* ios_sampleUITestsLaunchTests.swift */ = {isa = PBXFileReference; lastKnownFileType = sourcecode.swift; path = ios_sampleUITestsLaunchTests.swift; sourceTree = "<group>"; };
		111A64892923D22800EE6FD6 /* PluxAPI.framework */ = {isa = PBXFileReference; lastKnownFileType = wrapper.framework; path = PluxAPI.framework; sourceTree = "<group>"; };
		111A648F2923D28E00EE6FD6 /* ViewStates.swift */ = {isa = PBXFileReference; lastKnownFileType = sourcecode.swift; path = ViewStates.swift; sourceTree = "<group>"; };
		111A64912923D2C400EE6FD6 /* ScanView.swift */ = {isa = PBXFileReference; lastKnownFileType = sourcecode.swift; path = ScanView.swift; sourceTree = "<group>"; };
		111A64932923D2F500EE6FD6 /* ScanView+ScanRountine.swift */ = {isa = PBXFileReference; lastKnownFileType = sourcecode.swift; path = "ScanView+ScanRountine.swift"; sourceTree = "<group>"; };
		111A64952923D31600EE6FD6 /* ScanView+DeviceManagerDelegate..swift */ = {isa = PBXFileReference; lastKnownFileType = sourcecode.swift; path = "ScanView+DeviceManagerDelegate..swift"; sourceTree = "<group>"; };
		111A64982923D36700EE6FD6 /* DeviceManager.swift */ = {isa = PBXFileReference; lastKnownFileType = sourcecode.swift; path = DeviceManager.swift; sourceTree = "<group>"; };
		111A649B2923D51E00EE6FD6 /* LogManager.swift */ = {isa = PBXFileReference; lastKnownFileType = sourcecode.swift; path = LogManager.swift; sourceTree = "<group>"; };
		111A649E2923D56200EE6FD6 /* DeviceRowView.swift */ = {isa = PBXFileReference; lastKnownFileType = sourcecode.swift; path = DeviceRowView.swift; sourceTree = "<group>"; };
		111A64A02923D5BD00EE6FD6 /* MainViewModel.swift */ = {isa = PBXFileReference; lastKnownFileType = sourcecode.swift; path = MainViewModel.swift; sourceTree = "<group>"; };
		111A64A22923D82400EE6FD6 /* MainView.swift */ = {isa = PBXFileReference; lastKnownFileType = sourcecode.swift; path = MainView.swift; sourceTree = "<group>"; };
		111A64A42923D87900EE6FD6 /* Colors.xcassets */ = {isa = PBXFileReference; lastKnownFileType = folder.assetcatalog; path = Colors.xcassets; sourceTree = "<group>"; };
		111A64A62923D91800EE6FD6 /* MainView+DeviceManagerDelegate.swift */ = {isa = PBXFileReference; lastKnownFileType = sourcecode.swift; path = "MainView+DeviceManagerDelegate.swift"; sourceTree = "<group>"; };
		111A64AA2923DA9C00EE6FD6 /* DeviceInfoView.swift */ = {isa = PBXFileReference; lastKnownFileType = sourcecode.swift; path = DeviceInfoView.swift; sourceTree = "<group>"; };
		111A64AC2923DAD400EE6FD6 /* AcquisitionView.swift */ = {isa = PBXFileReference; lastKnownFileType = sourcecode.swift; path = AcquisitionView.swift; sourceTree = "<group>"; };
		111A64AE2923EF1B00EE6FD6 /* README.md */ = {isa = PBXFileReference; fileEncoding = 4; lastKnownFileType = net.daringfireball.markdown; path = README.md; sourceTree = "<group>"; };
/* End PBXFileReference section */

/* Begin PBXFrameworksBuildPhase section */
		111A64512923D07300EE6FD6 /* Frameworks */ = {
			isa = PBXFrameworksBuildPhase;
			buildActionMask = 2147483647;
			files = (
				111A648B2923D23D00EE6FD6 /* PluxAPI.framework in Frameworks */,
			);
			runOnlyForDeploymentPostprocessing = 0;
		};
		111A64612923D07500EE6FD6 /* Frameworks */ = {
			isa = PBXFrameworksBuildPhase;
			buildActionMask = 2147483647;
			files = (
			);
			runOnlyForDeploymentPostprocessing = 0;
		};
		111A646B2923D07500EE6FD6 /* Frameworks */ = {
			isa = PBXFrameworksBuildPhase;
			buildActionMask = 2147483647;
			files = (
			);
			runOnlyForDeploymentPostprocessing = 0;
		};
/* End PBXFrameworksBuildPhase section */

/* Begin PBXGroup section */
		111A644B2923D07300EE6FD6 = {
			isa = PBXGroup;
			children = (
				111A64AE2923EF1B00EE6FD6 /* README.md */,
				111A64562923D07300EE6FD6 /* ios-sample */,
				111A64672923D07500EE6FD6 /* ios-sampleTests */,
				111A64712923D07500EE6FD6 /* ios-sampleUITests */,
				111A64552923D07300EE6FD6 /* Products */,
			);
			sourceTree = "<group>";
		};
		111A64552923D07300EE6FD6 /* Products */ = {
			isa = PBXGroup;
			children = (
				111A64542923D07300EE6FD6 /* ios-sample.app */,
				111A64642923D07500EE6FD6 /* ios-sampleTests.xctest */,
				111A646E2923D07500EE6FD6 /* ios-sampleUITests.xctest */,
			);
			name = Products;
			sourceTree = "<group>";
		};
		111A64562923D07300EE6FD6 /* ios-sample */ = {
			isa = PBXGroup;
			children = (
				111A64862923D0F100EE6FD6 /* Common */,
				111A64852923D0E800EE6FD6 /* StoryBoards */,
				111A64842923D0E000EE6FD6 /* Models */,
				111A64832923D0D800EE6FD6 /* Resources */,
				111A64822923D0CA00EE6FD6 /* Library */,
				111A64812923D0C300EE6FD6 /* Application */,
				111A645D2923D07400EE6FD6 /* Preview Content */,
			);
			path = "ios-sample";
			sourceTree = "<group>";
		};
		111A645D2923D07400EE6FD6 /* Preview Content */ = {
			isa = PBXGroup;
			children = (
				111A645E2923D07400EE6FD6 /* Preview Assets.xcassets */,
			);
			path = "Preview Content";
			sourceTree = "<group>";
		};
		111A64672923D07500EE6FD6 /* ios-sampleTests */ = {
			isa = PBXGroup;
			children = (
				111A64682923D07500EE6FD6 /* ios_sampleTests.swift */,
			);
			path = "ios-sampleTests";
			sourceTree = "<group>";
		};
		111A64712923D07500EE6FD6 /* ios-sampleUITests */ = {
			isa = PBXGroup;
			children = (
				111A64722923D07500EE6FD6 /* ios_sampleUITests.swift */,
				111A64742923D07500EE6FD6 /* ios_sampleUITestsLaunchTests.swift */,
			);
			path = "ios-sampleUITests";
			sourceTree = "<group>";
		};
		111A64812923D0C300EE6FD6 /* Application */ = {
			isa = PBXGroup;
			children = (
				111A64572923D07300EE6FD6 /* PLUXAPISampleApp.swift */,
				111A64882923D11200EE6FD6 /* Scan */,
				111A64872923D10D00EE6FD6 /* Main */,
			);
			path = Application;
			sourceTree = "<group>";
		};
		111A64822923D0CA00EE6FD6 /* Library */ = {
			isa = PBXGroup;
			children = (
				111A64892923D22800EE6FD6 /* PluxAPI.framework */,
			);
			path = Library;
			sourceTree = "<group>";
		};
		111A64832923D0D800EE6FD6 /* Resources */ = {
			isa = PBXGroup;
			children = (
				111A64A42923D87900EE6FD6 /* Colors.xcassets */,
				111A645B2923D07400EE6FD6 /* Assets.xcassets */,
			);
			path = Resources;
			sourceTree = "<group>";
		};
		111A64842923D0E000EE6FD6 /* Models */ = {
			isa = PBXGroup;
			children = (
				111A64A02923D5BD00EE6FD6 /* MainViewModel.swift */,
			);
			path = Models;
			sourceTree = "<group>";
		};
		111A64852923D0E800EE6FD6 /* StoryBoards */ = {
			isa = PBXGroup;
			children = (
			);
			path = StoryBoards;
			sourceTree = "<group>";
		};
		111A64862923D0F100EE6FD6 /* Common */ = {
			isa = PBXGroup;
			children = (
				111A649D2923D55200EE6FD6 /* Views */,
				111A649A2923D51100EE6FD6 /* Utils */,
				111A64972923D34F00EE6FD6 /* Managers */,
				111A648E2923D26F00EE6FD6 /* Enums */,
			);
			path = Common;
			sourceTree = "<group>";
		};
		111A64872923D10D00EE6FD6 /* Main */ = {
			isa = PBXGroup;
			children = (
				111A64A92923DA8100EE6FD6 /* AcquisitionView */,
				111A64A82923DA7800EE6FD6 /* DeviceInfoView */,
				111A64A22923D82400EE6FD6 /* MainView.swift */,
				111A64A62923D91800EE6FD6 /* MainView+DeviceManagerDelegate.swift */,
			);
			path = Main;
			sourceTree = "<group>";
		};
		111A64882923D11200EE6FD6 /* Scan */ = {
			isa = PBXGroup;
			children = (
				111A64912923D2C400EE6FD6 /* ScanView.swift */,
				111A64932923D2F500EE6FD6 /* ScanView+ScanRountine.swift */,
				111A64952923D31600EE6FD6 /* ScanView+DeviceManagerDelegate..swift */,
			);
			path = Scan;
			sourceTree = "<group>";
		};
		111A648E2923D26F00EE6FD6 /* Enums */ = {
			isa = PBXGroup;
			children = (
				111A648F2923D28E00EE6FD6 /* ViewStates.swift */,
			);
			path = Enums;
			sourceTree = "<group>";
		};
		111A64972923D34F00EE6FD6 /* Managers */ = {
			isa = PBXGroup;
			children = (
				111A64982923D36700EE6FD6 /* DeviceManager.swift */,
			);
			path = Managers;
			sourceTree = "<group>";
		};
		111A649A2923D51100EE6FD6 /* Utils */ = {
			isa = PBXGroup;
			children = (
				111A649B2923D51E00EE6FD6 /* LogManager.swift */,
			);
			path = Utils;
			sourceTree = "<group>";
		};
		111A649D2923D55200EE6FD6 /* Views */ = {
			isa = PBXGroup;
			children = (
				111A649E2923D56200EE6FD6 /* DeviceRowView.swift */,
			);
			path = Views;
			sourceTree = "<group>";
		};
		111A64A82923DA7800EE6FD6 /* DeviceInfoView */ = {
			isa = PBXGroup;
			children = (
				111A64AA2923DA9C00EE6FD6 /* DeviceInfoView.swift */,
			);
			path = DeviceInfoView;
			sourceTree = "<group>";
		};
		111A64A92923DA8100EE6FD6 /* AcquisitionView */ = {
			isa = PBXGroup;
			children = (
				111A64AC2923DAD400EE6FD6 /* AcquisitionView.swift */,
			);
			path = AcquisitionView;
			sourceTree = "<group>";
		};
/* End PBXGroup section */

/* Begin PBXNativeTarget section */
		111A64532923D07300EE6FD6 /* ios-sample */ = {
			isa = PBXNativeTarget;
			buildConfigurationList = 111A64782923D07500EE6FD6 /* Build configuration list for PBXNativeTarget "ios-sample" */;
			buildPhases = (
				111A64502923D07300EE6FD6 /* Sources */,
				111A64512923D07300EE6FD6 /* Frameworks */,
				111A64522923D07300EE6FD6 /* Resources */,
				111A648D2923D23D00EE6FD6 /* Embed Frameworks */,
			);
			buildRules = (
			);
			dependencies = (
			);
			name = "ios-sample";
			productName = "ios-sample";
			productReference = 111A64542923D07300EE6FD6 /* ios-sample.app */;
			productType = "com.apple.product-type.application";
		};
		111A64632923D07500EE6FD6 /* ios-sampleTests */ = {
			isa = PBXNativeTarget;
			buildConfigurationList = 111A647B2923D07500EE6FD6 /* Build configuration list for PBXNativeTarget "ios-sampleTests" */;
			buildPhases = (
				111A64602923D07500EE6FD6 /* Sources */,
				111A64612923D07500EE6FD6 /* Frameworks */,
				111A64622923D07500EE6FD6 /* Resources */,
			);
			buildRules = (
			);
			dependencies = (
				111A64662923D07500EE6FD6 /* PBXTargetDependency */,
			);
			name = "ios-sampleTests";
			productName = "ios-sampleTests";
			productReference = 111A64642923D07500EE6FD6 /* ios-sampleTests.xctest */;
			productType = "com.apple.product-type.bundle.unit-test";
		};
		111A646D2923D07500EE6FD6 /* ios-sampleUITests */ = {
			isa = PBXNativeTarget;
			buildConfigurationList = 111A647E2923D07500EE6FD6 /* Build configuration list for PBXNativeTarget "ios-sampleUITests" */;
			buildPhases = (
				111A646A2923D07500EE6FD6 /* Sources */,
				111A646B2923D07500EE6FD6 /* Frameworks */,
				111A646C2923D07500EE6FD6 /* Resources */,
			);
			buildRules = (
			);
			dependencies = (
				111A64702923D07500EE6FD6 /* PBXTargetDependency */,
			);
			name = "ios-sampleUITests";
			productName = "ios-sampleUITests";
			productReference = 111A646E2923D07500EE6FD6 /* ios-sampleUITests.xctest */;
			productType = "com.apple.product-type.bundle.ui-testing";
		};
/* End PBXNativeTarget section */

/* Begin PBXProject section */
		111A644C2923D07300EE6FD6 /* Project object */ = {
			isa = PBXProject;
			attributes = {
				BuildIndependentTargetsInParallel = 1;
				LastSwiftUpdateCheck = 1410;
				LastUpgradeCheck = 1410;
				TargetAttributes = {
					111A64532923D07300EE6FD6 = {
						CreatedOnToolsVersion = 14.1;
					};
					111A64632923D07500EE6FD6 = {
						CreatedOnToolsVersion = 14.1;
						TestTargetID = 111A64532923D07300EE6FD6;
					};
					111A646D2923D07500EE6FD6 = {
						CreatedOnToolsVersion = 14.1;
						TestTargetID = 111A64532923D07300EE6FD6;
					};
				};
			};
			buildConfigurationList = 111A644F2923D07300EE6FD6 /* Build configuration list for PBXProject "ios-sample" */;
			compatibilityVersion = "Xcode 12.0";
			developmentRegion = en;
			hasScannedForEncodings = 0;
			knownRegions = (
				en,
				Base,
			);
			mainGroup = 111A644B2923D07300EE6FD6;
			productRefGroup = 111A64552923D07300EE6FD6 /* Products */;
			projectDirPath = "";
			projectRoot = "";
			targets = (
				111A64532923D07300EE6FD6 /* ios-sample */,
				111A64632923D07500EE6FD6 /* ios-sampleTests */,
				111A646D2923D07500EE6FD6 /* ios-sampleUITests */,
			);
		};
/* End PBXProject section */

/* Begin PBXResourcesBuildPhase section */
		111A64522923D07300EE6FD6 /* Resources */ = {
			isa = PBXResourcesBuildPhase;
			buildActionMask = 2147483647;
			files = (
				111A64A52923D87900EE6FD6 /* Colors.xcassets in Resources */,
				111A645F2923D07400EE6FD6 /* Preview Assets.xcassets in Resources */,
				111A64AF2923EF1B00EE6FD6 /* README.md in Resources */,
				111A645C2923D07400EE6FD6 /* Assets.xcassets in Resources */,
			);
			runOnlyForDeploymentPostprocessing = 0;
		};
		111A64622923D07500EE6FD6 /* Resources */ = {
			isa = PBXResourcesBuildPhase;
			buildActionMask = 2147483647;
			files = (
			);
			runOnlyForDeploymentPostprocessing = 0;
		};
		111A646C2923D07500EE6FD6 /* Resources */ = {
			isa = PBXResourcesBuildPhase;
			buildActionMask = 2147483647;
			files = (
			);
			runOnlyForDeploymentPostprocessing = 0;
		};
/* End PBXResourcesBuildPhase section */

/* Begin PBXSourcesBuildPhase section */
		111A64502923D07300EE6FD6 /* Sources */ = {
			isa = PBXSourcesBuildPhase;
			buildActionMask = 2147483647;
			files = (
				111A64962923D31600EE6FD6 /* ScanView+DeviceManagerDelegate..swift in Sources */,
				111A649F2923D56200EE6FD6 /* DeviceRowView.swift in Sources */,
				111A64AB2923DA9C00EE6FD6 /* DeviceInfoView.swift in Sources */,
				111A64992923D36700EE6FD6 /* DeviceManager.swift in Sources */,
				111A64A32923D82400EE6FD6 /* MainView.swift in Sources */,
				111A64902923D28E00EE6FD6 /* ViewStates.swift in Sources */,
				111A64582923D07300EE6FD6 /* PLUXAPISampleApp.swift in Sources */,
				111A649C2923D51E00EE6FD6 /* LogManager.swift in Sources */,
				111A64942923D2F500EE6FD6 /* ScanView+ScanRountine.swift in Sources */,
				111A64AD2923DAD400EE6FD6 /* AcquisitionView.swift in Sources */,
				111A64922923D2C400EE6FD6 /* ScanView.swift in Sources */,
				111A64A12923D5BD00EE6FD6 /* MainViewModel.swift in Sources */,
				111A64A72923D91800EE6FD6 /* MainView+DeviceManagerDelegate.swift in Sources */,
			);
			runOnlyForDeploymentPostprocessing = 0;
		};
		111A64602923D07500EE6FD6 /* Sources */ = {
			isa = PBXSourcesBuildPhase;
			buildActionMask = 2147483647;
			files = (
				111A64692923D07500EE6FD6 /* ios_sampleTests.swift in Sources */,
			);
			runOnlyForDeploymentPostprocessing = 0;
		};
		111A646A2923D07500EE6FD6 /* Sources */ = {
			isa = PBXSourcesBuildPhase;
			buildActionMask = 2147483647;
			files = (
				111A64752923D07500EE6FD6 /* ios_sampleUITestsLaunchTests.swift in Sources */,
				111A64732923D07500EE6FD6 /* ios_sampleUITests.swift in Sources */,
			);
			runOnlyForDeploymentPostprocessing = 0;
		};
/* End PBXSourcesBuildPhase section */

/* Begin PBXTargetDependency section */
		111A64662923D07500EE6FD6 /* PBXTargetDependency */ = {
			isa = PBXTargetDependency;
			target = 111A64532923D07300EE6FD6 /* ios-sample */;
			targetProxy = 111A64652923D07500EE6FD6 /* PBXContainerItemProxy */;
		};
		111A64702923D07500EE6FD6 /* PBXTargetDependency */ = {
			isa = PBXTargetDependency;
			target = 111A64532923D07300EE6FD6 /* ios-sample */;
			targetProxy = 111A646F2923D07500EE6FD6 /* PBXContainerItemProxy */;
		};
/* End PBXTargetDependency section */

/* Begin XCBuildConfiguration section */
		111A64762923D07500EE6FD6 /* Debug */ = {
			isa = XCBuildConfiguration;
			buildSettings = {
				ALWAYS_SEARCH_USER_PATHS = NO;
				CLANG_ANALYZER_NONNULL = YES;
				CLANG_ANALYZER_NUMBER_OBJECT_CONVERSION = YES_AGGRESSIVE;
				CLANG_CXX_LANGUAGE_STANDARD = "gnu++20";
				CLANG_ENABLE_MODULES = YES;
				CLANG_ENABLE_OBJC_ARC = YES;
				CLANG_ENABLE_OBJC_WEAK = YES;
				CLANG_WARN_BLOCK_CAPTURE_AUTORELEASING = YES;
				CLANG_WARN_BOOL_CONVERSION = YES;
				CLANG_WARN_COMMA = YES;
				CLANG_WARN_CONSTANT_CONVERSION = YES;
				CLANG_WARN_DEPRECATED_OBJC_IMPLEMENTATIONS = YES;
				CLANG_WARN_DIRECT_OBJC_ISA_USAGE = YES_ERROR;
				CLANG_WARN_DOCUMENTATION_COMMENTS = YES;
				CLANG_WARN_EMPTY_BODY = YES;
				CLANG_WARN_ENUM_CONVERSION = YES;
				CLANG_WARN_INFINITE_RECURSION = YES;
				CLANG_WARN_INT_CONVERSION = YES;
				CLANG_WARN_NON_LITERAL_NULL_CONVERSION = YES;
				CLANG_WARN_OBJC_IMPLICIT_RETAIN_SELF = YES;
				CLANG_WARN_OBJC_LITERAL_CONVERSION = YES;
				CLANG_WARN_OBJC_ROOT_CLASS = YES_ERROR;
				CLANG_WARN_QUOTED_INCLUDE_IN_FRAMEWORK_HEADER = YES;
				CLANG_WARN_RANGE_LOOP_ANALYSIS = YES;
				CLANG_WARN_STRICT_PROTOTYPES = YES;
				CLANG_WARN_SUSPICIOUS_MOVE = YES;
				CLANG_WARN_UNGUARDED_AVAILABILITY = YES_AGGRESSIVE;
				CLANG_WARN_UNREACHABLE_CODE = YES;
				CLANG_WARN__DUPLICATE_METHOD_MATCH = YES;
				COPY_PHASE_STRIP = NO;
				DEBUG_INFORMATION_FORMAT = dwarf;
				ENABLE_STRICT_OBJC_MSGSEND = YES;
				ENABLE_TESTABILITY = YES;
				GCC_C_LANGUAGE_STANDARD = gnu11;
				GCC_DYNAMIC_NO_PIC = NO;
				GCC_NO_COMMON_BLOCKS = YES;
				GCC_OPTIMIZATION_LEVEL = 0;
				GCC_PREPROCESSOR_DEFINITIONS = (
					"DEBUG=1",
					"$(inherited)",
				);
				GCC_WARN_64_TO_32_BIT_CONVERSION = YES;
				GCC_WARN_ABOUT_RETURN_TYPE = YES_ERROR;
				GCC_WARN_UNDECLARED_SELECTOR = YES;
				GCC_WARN_UNINITIALIZED_AUTOS = YES_AGGRESSIVE;
				GCC_WARN_UNUSED_FUNCTION = YES;
				GCC_WARN_UNUSED_VARIABLE = YES;
				IPHONEOS_DEPLOYMENT_TARGET = 16.1;
				MTL_ENABLE_DEBUG_INFO = INCLUDE_SOURCE;
				MTL_FAST_MATH = YES;
				ONLY_ACTIVE_ARCH = YES;
				SDKROOT = iphoneos;
				SWIFT_ACTIVE_COMPILATION_CONDITIONS = DEBUG;
				SWIFT_OPTIMIZATION_LEVEL = "-Onone";
			};
			name = Debug;
		};
		111A64772923D07500EE6FD6 /* Release */ = {
			isa = XCBuildConfiguration;
			buildSettings = {
				ALWAYS_SEARCH_USER_PATHS = NO;
				CLANG_ANALYZER_NONNULL = YES;
				CLANG_ANALYZER_NUMBER_OBJECT_CONVERSION = YES_AGGRESSIVE;
				CLANG_CXX_LANGUAGE_STANDARD = "gnu++20";
				CLANG_ENABLE_MODULES = YES;
				CLANG_ENABLE_OBJC_ARC = YES;
				CLANG_ENABLE_OBJC_WEAK = YES;
				CLANG_WARN_BLOCK_CAPTURE_AUTORELEASING = YES;
				CLANG_WARN_BOOL_CONVERSION = YES;
				CLANG_WARN_COMMA = YES;
				CLANG_WARN_CONSTANT_CONVERSION = YES;
				CLANG_WARN_DEPRECATED_OBJC_IMPLEMENTATIONS = YES;
				CLANG_WARN_DIRECT_OBJC_ISA_USAGE = YES_ERROR;
				CLANG_WARN_DOCUMENTATION_COMMENTS = YES;
				CLANG_WARN_EMPTY_BODY = YES;
				CLANG_WARN_ENUM_CONVERSION = YES;
				CLANG_WARN_INFINITE_RECURSION = YES;
				CLANG_WARN_INT_CONVERSION = YES;
				CLANG_WARN_NON_LITERAL_NULL_CONVERSION = YES;
				CLANG_WARN_OBJC_IMPLICIT_RETAIN_SELF = YES;
				CLANG_WARN_OBJC_LITERAL_CONVERSION = YES;
				CLANG_WARN_OBJC_ROOT_CLASS = YES_ERROR;
				CLANG_WARN_QUOTED_INCLUDE_IN_FRAMEWORK_HEADER = YES;
				CLANG_WARN_RANGE_LOOP_ANALYSIS = YES;
				CLANG_WARN_STRICT_PROTOTYPES = YES;
				CLANG_WARN_SUSPICIOUS_MOVE = YES;
				CLANG_WARN_UNGUARDED_AVAILABILITY = YES_AGGRESSIVE;
				CLANG_WARN_UNREACHABLE_CODE = YES;
				CLANG_WARN__DUPLICATE_METHOD_MATCH = YES;
				COPY_PHASE_STRIP = NO;
				DEBUG_INFORMATION_FORMAT = "dwarf-with-dsym";
				ENABLE_NS_ASSERTIONS = NO;
				ENABLE_STRICT_OBJC_MSGSEND = YES;
				GCC_C_LANGUAGE_STANDARD = gnu11;
				GCC_NO_COMMON_BLOCKS = YES;
				GCC_WARN_64_TO_32_BIT_CONVERSION = YES;
				GCC_WARN_ABOUT_RETURN_TYPE = YES_ERROR;
				GCC_WARN_UNDECLARED_SELECTOR = YES;
				GCC_WARN_UNINITIALIZED_AUTOS = YES_AGGRESSIVE;
				GCC_WARN_UNUSED_FUNCTION = YES;
				GCC_WARN_UNUSED_VARIABLE = YES;
				IPHONEOS_DEPLOYMENT_TARGET = 16.1;
				MTL_ENABLE_DEBUG_INFO = NO;
				MTL_FAST_MATH = YES;
				SDKROOT = iphoneos;
				SWIFT_COMPILATION_MODE = wholemodule;
				SWIFT_OPTIMIZATION_LEVEL = "-O";
				VALIDATE_PRODUCT = YES;
			};
			name = Release;
		};
		111A64792923D07500EE6FD6 /* Debug */ = {
			isa = XCBuildConfiguration;
			buildSettings = {
				ASSETCATALOG_COMPILER_APPICON_NAME = AppIcon;
				ASSETCATALOG_COMPILER_GLOBAL_ACCENT_COLOR_NAME = AccentColor;
				CODE_SIGN_STYLE = Automatic;
				CURRENT_PROJECT_VERSION = 1;
				DEVELOPMENT_ASSET_PATHS = "\"ios-sample/Preview Content\"";
				DEVELOPMENT_TEAM = RZAFR8A724;
				ENABLE_PREVIEWS = YES;
				FRAMEWORK_SEARCH_PATHS = (
					"$(inherited)",
					"$(PROJECT_DIR)/ios-sample/Library",
				);
				GENERATE_INFOPLIST_FILE = YES;
				INFOPLIST_KEY_NSBluetoothAlwaysUsageDescription = "ios-sample uses BLE to connect to PLUX devices.";
				INFOPLIST_KEY_NSBluetoothPeripheralUsageDescription = "ios-sample uses BLE to connect to PLUX devices.";
				INFOPLIST_KEY_UIApplicationSceneManifest_Generation = YES;
				INFOPLIST_KEY_UIApplicationSupportsIndirectInputEvents = YES;
				INFOPLIST_KEY_UILaunchScreen_Generation = YES;
				INFOPLIST_KEY_UISupportedInterfaceOrientations_iPad = "UIInterfaceOrientationPortrait UIInterfaceOrientationPortraitUpsideDown UIInterfaceOrientationLandscapeLeft UIInterfaceOrientationLandscapeRight";
				INFOPLIST_KEY_UISupportedInterfaceOrientations_iPhone = "UIInterfaceOrientationPortrait UIInterfaceOrientationLandscapeLeft UIInterfaceOrientationLandscapeRight";
				LD_RUNPATH_SEARCH_PATHS = (
					"$(inherited)",
					"@executable_path/Frameworks",
				);
				MARKETING_VERSION = 1.0;
				PRODUCT_BUNDLE_IDENTIFIER = "com.pluxbiosignals.ios.api.sample.ios-sample";
				PRODUCT_NAME = "$(TARGET_NAME)";
				SWIFT_EMIT_LOC_STRINGS = YES;
				SWIFT_VERSION = 5.0;
				TARGETED_DEVICE_FAMILY = "1,2";
			};
			name = Debug;
		};
		111A647A2923D07500EE6FD6 /* Release */ = {
			isa = XCBuildConfiguration;
			buildSettings = {
				ASSETCATALOG_COMPILER_APPICON_NAME = AppIcon;
				ASSETCATALOG_COMPILER_GLOBAL_ACCENT_COLOR_NAME = AccentColor;
				CODE_SIGN_STYLE = Automatic;
				CURRENT_PROJECT_VERSION = 1;
				DEVELOPMENT_ASSET_PATHS = "\"ios-sample/Preview Content\"";
				DEVELOPMENT_TEAM = RZAFR8A724;
				ENABLE_PREVIEWS = YES;
				FRAMEWORK_SEARCH_PATHS = (
					"$(inherited)",
					"$(PROJECT_DIR)/ios-sample/Library",
				);
				GENERATE_INFOPLIST_FILE = YES;
				INFOPLIST_KEY_NSBluetoothAlwaysUsageDescription = "ios-sample uses BLE to connect to PLUX devices.";
				INFOPLIST_KEY_NSBluetoothPeripheralUsageDescription = "ios-sample uses BLE to connect to PLUX devices.";
				INFOPLIST_KEY_UIApplicationSceneManifest_Generation = YES;
				INFOPLIST_KEY_UIApplicationSupportsIndirectInputEvents = YES;
				INFOPLIST_KEY_UILaunchScreen_Generation = YES;
				INFOPLIST_KEY_UISupportedInterfaceOrientations_iPad = "UIInterfaceOrientationPortrait UIInterfaceOrientationPortraitUpsideDown UIInterfaceOrientationLandscapeLeft UIInterfaceOrientationLandscapeRight";
				INFOPLIST_KEY_UISupportedInterfaceOrientations_iPhone = "UIInterfaceOrientationPortrait UIInterfaceOrientationLandscapeLeft UIInterfaceOrientationLandscapeRight";
				LD_RUNPATH_SEARCH_PATHS = (
					"$(inherited)",
					"@executable_path/Frameworks",
				);
				MARKETING_VERSION = 1.0;
				PRODUCT_BUNDLE_IDENTIFIER = "com.pluxbiosignals.ios.api.sample.ios-sample";
				PRODUCT_NAME = "$(TARGET_NAME)";
				SWIFT_EMIT_LOC_STRINGS = YES;
				SWIFT_VERSION = 5.0;
				TARGETED_DEVICE_FAMILY = "1,2";
			};
			name = Release;
		};
		111A647C2923D07500EE6FD6 /* Debug */ = {
			isa = XCBuildConfiguration;
			buildSettings = {
				ALWAYS_EMBED_SWIFT_STANDARD_LIBRARIES = YES;
				BUNDLE_LOADER = "$(TEST_HOST)";
				CODE_SIGN_STYLE = Automatic;
				CURRENT_PROJECT_VERSION = 1;
				DEVELOPMENT_TEAM = RZAFR8A724;
				GENERATE_INFOPLIST_FILE = YES;
				IPHONEOS_DEPLOYMENT_TARGET = 16.1;
				MARKETING_VERSION = 1.0;
				PRODUCT_BUNDLE_IDENTIFIER = "com.pluxbiosignals.ios.api.sample.ios-sampleTests";
				PRODUCT_NAME = "$(TARGET_NAME)";
				SWIFT_EMIT_LOC_STRINGS = NO;
				SWIFT_VERSION = 5.0;
				TARGETED_DEVICE_FAMILY = "1,2";
				TEST_HOST = "$(BUILT_PRODUCTS_DIR)/ios-sample.app/$(BUNDLE_EXECUTABLE_FOLDER_PATH)/ios-sample";
			};
			name = Debug;
		};
		111A647D2923D07500EE6FD6 /* Release */ = {
			isa = XCBuildConfiguration;
			buildSettings = {
				ALWAYS_EMBED_SWIFT_STANDARD_LIBRARIES = YES;
				BUNDLE_LOADER = "$(TEST_HOST)";
				CODE_SIGN_STYLE = Automatic;
				CURRENT_PROJECT_VERSION = 1;
				DEVELOPMENT_TEAM = RZAFR8A724;
				GENERATE_INFOPLIST_FILE = YES;
				IPHONEOS_DEPLOYMENT_TARGET = 16.1;
				MARKETING_VERSION = 1.0;
				PRODUCT_BUNDLE_IDENTIFIER = "com.pluxbiosignals.ios.api.sample.ios-sampleTests";
				PRODUCT_NAME = "$(TARGET_NAME)";
				SWIFT_EMIT_LOC_STRINGS = NO;
				SWIFT_VERSION = 5.0;
				TARGETED_DEVICE_FAMILY = "1,2";
				TEST_HOST = "$(BUILT_PRODUCTS_DIR)/ios-sample.app/$(BUNDLE_EXECUTABLE_FOLDER_PATH)/ios-sample";
			};
			name = Release;
		};
		111A647F2923D07500EE6FD6 /* Debug */ = {
			isa = XCBuildConfiguration;
			buildSettings = {
				ALWAYS_EMBED_SWIFT_STANDARD_LIBRARIES = YES;
				CODE_SIGN_STYLE = Automatic;
				CURRENT_PROJECT_VERSION = 1;
				DEVELOPMENT_TEAM = RZAFR8A724;
				GENERATE_INFOPLIST_FILE = YES;
				MARKETING_VERSION = 1.0;
				PRODUCT_BUNDLE_IDENTIFIER = "com.pluxbiosignals.ios.api.sample.ios-sampleUITests";
				PRODUCT_NAME = "$(TARGET_NAME)";
				SWIFT_EMIT_LOC_STRINGS = NO;
				SWIFT_VERSION = 5.0;
				TARGETED_DEVICE_FAMILY = "1,2";
				TEST_TARGET_NAME = "ios-sample";
			};
			name = Debug;
		};
		111A64802923D07500EE6FD6 /* Release */ = {
			isa = XCBuildConfiguration;
			buildSettings = {
				ALWAYS_EMBED_SWIFT_STANDARD_LIBRARIES = YES;
				CODE_SIGN_STYLE = Automatic;
				CURRENT_PROJECT_VERSION = 1;
				DEVELOPMENT_TEAM = RZAFR8A724;
				GENERATE_INFOPLIST_FILE = YES;
				MARKETING_VERSION = 1.0;
				PRODUCT_BUNDLE_IDENTIFIER = "com.pluxbiosignals.ios.api.sample.ios-sampleUITests";
				PRODUCT_NAME = "$(TARGET_NAME)";
				SWIFT_EMIT_LOC_STRINGS = NO;
				SWIFT_VERSION = 5.0;
				TARGETED_DEVICE_FAMILY = "1,2";
				TEST_TARGET_NAME = "ios-sample";
			};
			name = Release;
		};
/* End XCBuildConfiguration section */

/* Begin XCConfigurationList section */
		111A644F2923D07300EE6FD6 /* Build configuration list for PBXProject "ios-sample" */ = {
			isa = XCConfigurationList;
			buildConfigurations = (
				111A64762923D07500EE6FD6 /* Debug */,
				111A64772923D07500EE6FD6 /* Release */,
			);
			defaultConfigurationIsVisible = 0;
			defaultConfigurationName = Release;
		};
		111A64782923D07500EE6FD6 /* Build configuration list for PBXNativeTarget "ios-sample" */ = {
			isa = XCConfigurationList;
			buildConfigurations = (
				111A64792923D07500EE6FD6 /* Debug */,
				111A647A2923D07500EE6FD6 /* Release */,
			);
			defaultConfigurationIsVisible = 0;
			defaultConfigurationName = Release;
		};
		111A647B2923D07500EE6FD6 /* Build configuration list for PBXNativeTarget "ios-sampleTests" */ = {
			isa = XCConfigurationList;
			buildConfigurations = (
				111A647C2923D07500EE6FD6 /* Debug */,
				111A647D2923D07500EE6FD6 /* Release */,
			);
			defaultConfigurationIsVisible = 0;
			defaultConfigurationName = Release;
		};
		111A647E2923D07500EE6FD6 /* Build configuration list for PBXNativeTarget "ios-sampleUITests" */ = {
			isa = XCConfigurationList;
			buildConfigurations = (
				111A647F2923D07500EE6FD6 /* Debug */,
				111A64802923D07500EE6FD6 /* Release */,
			);
			defaultConfigurationIsVisible = 0;
			defaultConfigurationName = Release;
		};
/* End XCConfigurationList section */
	};
	rootObject = 111A644C2923D07300EE6FD6 /* Project object */;
}
